<Solution>
  <Folder Name="/Binding/">
    <Project Path="Ejemplo_BasicDataBinding/Ejemplo_BasicDataBinding.csproj" Id="8a323236-8d75-4198-bf41-5a9c7d66abfc">
      <Deploy Solution="Debug|*" />
    </Project>
    <Project Path="Ejemplo_ConBinding/Ejemplo_ConBinding.csproj" Id="0aede578-d75a-4ae5-9394-b7492d876d16">
      <Deploy Solution="Debug|*" />
    </Project>
    <Project Path="Ejemplo_DirectionalBinding/Ejemplo_DirectionalBinding.csproj" Id="c7f2e1f5-7009-45cf-a1ab-2d7dc76760cd">
      <Deploy Solution="Debug|*" />
    </Project>
    <Project Path="Ejemplo_SinBinding/Ejemplo_SinBinding.csproj" Id="23a6b679-3fbd-413e-a89e-a108de4031c1">
      <Deploy Solution="Debug|*" />
    </Project>
  </Folder>
  <Folder Name="/Comenzando/">
    <Project Path="Ejemplo_HolaMundo/Ejemplo_HolaMundo.csproj">
      <Deploy Solution="Debug|*" />
    </Project>
  </Folder>
  <Folder Name="/Designing/">
    <Project Path="Ejemplo_Template/Ejemplo_Template.csproj" Id="ccf396c4-aa53-40b7-b264-3a2152f70192">
      <Deploy Solution="Debug|*" />
    </Project>
  </Folder>
  <Folder Name="/Layout/">
    <Project Path="Ejemplo_Layout/Ejemplo_Layout.csproj" Id="11d5e223-8c7f-48bb-976d-4f81500a73fc">
      <Deploy Solution="Debug|*" />
    </Project>
  </Folder>
  <Folder Name="/Navegacion/">
    <Project Path="Ejemplo_Flyout/Ejemplo_Flyout.csproj" Id="c066ed90-c741-4f6d-bdc2-d087dc01ff61" />
    <Project Path="Ejemplo_RutasGlobales/Ejemplo_RutasGlobales.csproj">
      <Deploy Solution="Debug|*" />
    </Project>
    <Project Path="Ejemplo_Tabbed/Ejemplo_Tabbed.csproj" Id="d35e04b6-7573-4698-9a99-aeafde02b359" />
  </Folder>
  <Folder Name="/Views/">
    <Project Path="Ejemplo_Views/Ejemplo_Views.csproj">
      <Deploy Solution="Debug|*" />
    </Project>
  </Folder>
</Solution>
